
Microsoft Visual Studio Solution File, Format Version 12.00
# Visual Studio Version 16
VisualStudioVersion = 16.0.28922.388
MinimumVisualStudioVersion = 10.0.40219.1
Project("{9A19103F-16F7-4668-BE54-9A1E7A4F7556}") = "AspNetCoreSerilogExample.Web", "AspNetCoreSerilogExample.Web\AspNetCoreSerilogExample.Web.csproj", "{BE382D81-8A74-4167-A7AD-C7FE1DD89C72}"
EndProject
Project("{2150E333-8FDC-42A3-9474-1A3956D46DE8}") = "Root", "Root", "{55156C52-24F7-4C9D-935A-4BCD2AEA6CF0}"
	ProjectSection(SolutionItems) = preProject
		.gitignore = .gitignore
		.travis.yml = .travis.yml
		README.md = README.md
	EndProjectSection
EndProject
Project("{FAE04EC0-301F-11D3-BF4B-00C04F79EFBC}") = "AspNetCoreMsLoggerExample.Web", "AspNetCoreMsLoggerExample.Web\AspNetCoreMsLoggerExample.Web.csproj", "{37AFFF56-53EC-4DE4-9246-1D210CB32CEC}"
EndProject
Global
	GlobalSection(SolutionConfigurationPlatforms) = preSolution
		Debug|Any CPU = Debug|Any CPU
		Release|Any CPU = Release|Any CPU
	EndGlobalSection
	GlobalSection(ProjectConfigurationPlatforms) = postSolution
		{BE382D81-8A74-4167-A7AD-C7FE1DD89C72}.Debug|Any CPU.ActiveCfg = Debug|Any CPU
		{BE382D81-8A74-4167-A7AD-C7FE1DD89C72}.Debug|Any CPU.Build.0 = Debug|Any CPU
		{BE382D81-8A74-4167-A7AD-C7FE1DD89C72}.Release|Any CPU.ActiveCfg = Release|Any CPU
		{BE382D81-8A74-4167-A7AD-C7FE1DD89C72}.Release|Any CPU.Build.0 = Release|Any CPU
		{37AFFF56-53EC-4DE4-9246-1D210CB32CEC}.Debug|Any CPU.ActiveCfg = Debug|Any CPU
		{37AFFF56-53EC-4DE4-9246-1D210CB32CEC}.Debug|Any CPU.Build.0 = Debug|Any CPU
		{37AFFF56-53EC-4DE4-9246-1D210CB32CEC}.Release|Any CPU.ActiveCfg = Release|Any CPU
		{37AFFF56-53EC-4DE4-9246-1D210CB32CEC}.Release|Any CPU.Build.0 = Release|Any CPU
	EndGlobalSection
	GlobalSection(SolutionProperties) = preSolution
		HideSolutionNode = FALSE
	EndGlobalSection
	GlobalSection(ExtensibilityGlobals) = postSolution
		SolutionGuid = {296EF11D-A826-4D2A-9A98-2025ACDD5BC8}
	EndGlobalSection
EndGlobal
